// !$*UTF8*$!
{
	archiveVersion = 1;
	classes = {
	};
	objectVersion = 50;
	objects = {

/* Begin PBXBuildFile section */
		982AC0BC32DFAA756322B0C5 /* Pods_SearchGithubRepositoryTests.framework in Frameworks */ = {isa = PBXBuildFile; fileRef = E8441872488F8BF3C16BB5B5 /* Pods_SearchGithubRepositoryTests.framework */; };
		99D0B8F6C16BB45106FB4589 /* Pods_SearchGithubRepository.framework in Frameworks */ = {isa = PBXBuildFile; fileRef = 559F9CB473871921ECFDEE74 /* Pods_SearchGithubRepository.framework */; };
		AEFD42F1AE7EFE6DD019FF1B /* Pods_SearchGithubRepositoryUITests.framework in Frameworks */ = {isa = PBXBuildFile; fileRef = D44E9301BD6A9D29D3F00921 /* Pods_SearchGithubRepositoryUITests.framework */; };
		C2388D7B21C23AD900B24BDD /* AppDelegate.swift in Sources */ = {isa = PBXBuildFile; fileRef = C2388D7A21C23AD900B24BDD /* AppDelegate.swift */; };
		C2388D7D21C23AD900B24BDD /* ViewController.swift in Sources */ = {isa = PBXBuildFile; fileRef = C2388D7C21C23AD900B24BDD /* ViewController.swift */; };
		C2388D8021C23AD900B24BDD /* Main.storyboard in Resources */ = {isa = PBXBuildFile; fileRef = C2388D7E21C23AD900B24BDD /* Main.storyboard */; };
		C2388D8221C23ADF00B24BDD /* Assets.xcassets in Resources */ = {isa = PBXBuildFile; fileRef = C2388D8121C23ADF00B24BDD /* Assets.xcassets */; };
		C2388D8521C23ADF00B24BDD /* LaunchScreen.storyboard in Resources */ = {isa = PBXBuildFile; fileRef = C2388D8321C23ADF00B24BDD /* LaunchScreen.storyboard */; };
		C2388D9021C23AE000B24BDD /* SearchGithubRepositoryTests.swift in Sources */ = {isa = PBXBuildFile; fileRef = C2388D8F21C23AE000B24BDD /* SearchGithubRepositoryTests.swift */; };
		C2388D9B21C23AE000B24BDD /* SearchGithubRepositoryUITests.swift in Sources */ = {isa = PBXBuildFile; fileRef = C2388D9A21C23AE000B24BDD /* SearchGithubRepositoryUITests.swift */; };
/* End PBXBuildFile section */

/* Begin PBXContainerItemProxy section */
		C2388D8C21C23ADF00B24BDD /* PBXContainerItemProxy */ = {
			isa = PBXContainerItemProxy;
			containerPortal = C2388D6F21C23AD900B24BDD /* Project object */;
			proxyType = 1;
			remoteGlobalIDString = C2388D7621C23AD900B24BDD;
			remoteInfo = SearchGithubRepository;
		};
		C2388D9721C23AE000B24BDD /* PBXContainerItemProxy */ = {
			isa = PBXContainerItemProxy;
			containerPortal = C2388D6F21C23AD900B24BDD /* Project object */;
			proxyType = 1;
			remoteGlobalIDString = C2388D7621C23AD900B24BDD;
			remoteInfo = SearchGithubRepository;
		};
/* End PBXContainerItemProxy section */

/* Begin PBXFileReference section */
		1E66522A2A49083233598EB9 /* Pods-SearchGithubRepository.release.xcconfig */ = {isa = PBXFileReference; includeInIndex = 1; lastKnownFileType = text.xcconfig; name = "Pods-SearchGithubRepository.release.xcconfig"; path = "Pods/Target Support Files/Pods-SearchGithubRepository/Pods-SearchGithubRepository.release.xcconfig"; sourceTree = "<group>"; };
		559F9CB473871921ECFDEE74 /* Pods_SearchGithubRepository.framework */ = {isa = PBXFileReference; explicitFileType = wrapper.framework; includeInIndex = 0; path = Pods_SearchGithubRepository.framework; sourceTree = BUILT_PRODUCTS_DIR; };
		68A65438F94E53D0FC94DF84 /* Pods-SearchGithubRepositoryUITests.release.xcconfig */ = {isa = PBXFileReference; includeInIndex = 1; lastKnownFileType = text.xcconfig; name = "Pods-SearchGithubRepositoryUITests.release.xcconfig"; path = "Pods/Target Support Files/Pods-SearchGithubRepositoryUITests/Pods-SearchGithubRepositoryUITests.release.xcconfig"; sourceTree = "<group>"; };
		6B2437A13234FC0C70D4163F /* Pods-SearchGithubRepositoryTests.release.xcconfig */ = {isa = PBXFileReference; includeInIndex = 1; lastKnownFileType = text.xcconfig; name = "Pods-SearchGithubRepositoryTests.release.xcconfig"; path = "Pods/Target Support Files/Pods-SearchGithubRepositoryTests/Pods-SearchGithubRepositoryTests.release.xcconfig"; sourceTree = "<group>"; };
		9BF5C20D3691AF0EA3E6FF85 /* Pods-SearchGithubRepositoryUITests.debug.xcconfig */ = {isa = PBXFileReference; includeInIndex = 1; lastKnownFileType = text.xcconfig; name = "Pods-SearchGithubRepositoryUITests.debug.xcconfig"; path = "Pods/Target Support Files/Pods-SearchGithubRepositoryUITests/Pods-SearchGithubRepositoryUITests.debug.xcconfig"; sourceTree = "<group>"; };
		9FC908F3F5A85EFDD69E6DE2 /* Pods-SearchGithubRepositoryTests.debug.xcconfig */ = {isa = PBXFileReference; includeInIndex = 1; lastKnownFileType = text.xcconfig; name = "Pods-SearchGithubRepositoryTests.debug.xcconfig"; path = "Pods/Target Support Files/Pods-SearchGithubRepositoryTests/Pods-SearchGithubRepositoryTests.debug.xcconfig"; sourceTree = "<group>"; };
		C2388D7721C23AD900B24BDD /* SearchGithubRepository.app */ = {isa = PBXFileReference; explicitFileType = wrapper.application; includeInIndex = 0; path = SearchGithubRepository.app; sourceTree = BUILT_PRODUCTS_DIR; };
		C2388D7A21C23AD900B24BDD /* AppDelegate.swift */ = {isa = PBXFileReference; lastKnownFileType = sourcecode.swift; path = AppDelegate.swift; sourceTree = "<group>"; };
		C2388D7C21C23AD900B24BDD /* ViewController.swift */ = {isa = PBXFileReference; lastKnownFileType = sourcecode.swift; path = ViewController.swift; sourceTree = "<group>"; };
		C2388D7F21C23AD900B24BDD /* Base */ = {isa = PBXFileReference; lastKnownFileType = file.storyboard; name = Base; path = Base.lproj/Main.storyboard; sourceTree = "<group>"; };
		C2388D8121C23ADF00B24BDD /* Assets.xcassets */ = {isa = PBXFileReference; lastKnownFileType = folder.assetcatalog; path = Assets.xcassets; sourceTree = "<group>"; };
		C2388D8421C23ADF00B24BDD /* Base */ = {isa = PBXFileReference; lastKnownFileType = file.storyboard; name = Base; path = Base.lproj/LaunchScreen.storyboard; sourceTree = "<group>"; };
		C2388D8621C23ADF00B24BDD /* Info.plist */ = {isa = PBXFileReference; lastKnownFileType = text.plist.xml; path = Info.plist; sourceTree = "<group>"; };
		C2388D8B21C23ADF00B24BDD /* SearchGithubRepositoryTests.xctest */ = {isa = PBXFileReference; explicitFileType = wrapper.cfbundle; includeInIndex = 0; path = SearchGithubRepositoryTests.xctest; sourceTree = BUILT_PRODUCTS_DIR; };
		C2388D8F21C23AE000B24BDD /* SearchGithubRepositoryTests.swift */ = {isa = PBXFileReference; lastKnownFileType = sourcecode.swift; path = SearchGithubRepositoryTests.swift; sourceTree = "<group>"; };
		C2388D9121C23AE000B24BDD /* Info.plist */ = {isa = PBXFileReference; lastKnownFileType = text.plist.xml; path = Info.plist; sourceTree = "<group>"; };
		C2388D9621C23AE000B24BDD /* SearchGithubRepositoryUITests.xctest */ = {isa = PBXFileReference; explicitFileType = wrapper.cfbundle; includeInIndex = 0; path = SearchGithubRepositoryUITests.xctest; sourceTree = BUILT_PRODUCTS_DIR; };
		C2388D9A21C23AE000B24BDD /* SearchGithubRepositoryUITests.swift */ = {isa = PBXFileReference; lastKnownFileType = sourcecode.swift; path = SearchGithubRepositoryUITests.swift; sourceTree = "<group>"; };
		C2388D9C21C23AE000B24BDD /* Info.plist */ = {isa = PBXFileReference; lastKnownFileType = text.plist.xml; path = Info.plist; sourceTree = "<group>"; };
		D399AA4885E58966D26E402D /* Pods-SearchGithubRepository.debug.xcconfig */ = {isa = PBXFileReference; includeInIndex = 1; lastKnownFileType = text.xcconfig; name = "Pods-SearchGithubRepository.debug.xcconfig"; path = "Pods/Target Support Files/Pods-SearchGithubRepository/Pods-SearchGithubRepository.debug.xcconfig"; sourceTree = "<group>"; };
		D44E9301BD6A9D29D3F00921 /* Pods_SearchGithubRepositoryUITests.framework */ = {isa = PBXFileReference; explicitFileType = wrapper.framework; includeInIndex = 0; path = Pods_SearchGithubRepositoryUITests.framework; sourceTree = BUILT_PRODUCTS_DIR; };
		E8441872488F8BF3C16BB5B5 /* Pods_SearchGithubRepositoryTests.framework */ = {isa = PBXFileReference; explicitFileType = wrapper.framework; includeInIndex = 0; path = Pods_SearchGithubRepositoryTests.framework; sourceTree = BUILT_PRODUCTS_DIR; };
/* End PBXFileReference section */

/* Begin PBXFrameworksBuildPhase section */
		C2388D7421C23AD900B24BDD /* Frameworks */ = {
			isa = PBXFrameworksBuildPhase;
			buildActionMask = 2147483647;
			files = (
				99D0B8F6C16BB45106FB4589 /* Pods_SearchGithubRepository.framework in Frameworks */,
			);
			runOnlyForDeploymentPostprocessing = 0;
		};
		C2388D8821C23ADF00B24BDD /* Frameworks */ = {
			isa = PBXFrameworksBuildPhase;
			buildActionMask = 2147483647;
			files = (
				982AC0BC32DFAA756322B0C5 /* Pods_SearchGithubRepositoryTests.framework in Frameworks */,
			);
			runOnlyForDeploymentPostprocessing = 0;
		};
		C2388D9321C23AE000B24BDD /* Frameworks */ = {
			isa = PBXFrameworksBuildPhase;
			buildActionMask = 2147483647;
			files = (
				AEFD42F1AE7EFE6DD019FF1B /* Pods_SearchGithubRepositoryUITests.framework in Frameworks */,
			);
			runOnlyForDeploymentPostprocessing = 0;
		};
/* End PBXFrameworksBuildPhase section */

/* Begin PBXGroup section */
		4F0F4A25B7727FEAEF042AD2 /* Pods */ = {
			isa = PBXGroup;
			children = (
				D399AA4885E58966D26E402D /* Pods-SearchGithubRepository.debug.xcconfig */,
				1E66522A2A49083233598EB9 /* Pods-SearchGithubRepository.release.xcconfig */,
				9FC908F3F5A85EFDD69E6DE2 /* Pods-SearchGithubRepositoryTests.debug.xcconfig */,
				6B2437A13234FC0C70D4163F /* Pods-SearchGithubRepositoryTests.release.xcconfig */,
				9BF5C20D3691AF0EA3E6FF85 /* Pods-SearchGithubRepositoryUITests.debug.xcconfig */,
				68A65438F94E53D0FC94DF84 /* Pods-SearchGithubRepositoryUITests.release.xcconfig */,
			);
			name = Pods;
			sourceTree = "<group>";
		};
		C2388D6E21C23AD900B24BDD = {
			isa = PBXGroup;
			children = (
				C2388D7921C23AD900B24BDD /* SearchGithubRepository */,
				C2388D8E21C23AE000B24BDD /* SearchGithubRepositoryTests */,
				C2388D9921C23AE000B24BDD /* SearchGithubRepositoryUITests */,
				C2388D7821C23AD900B24BDD /* Products */,
				4F0F4A25B7727FEAEF042AD2 /* Pods */,
				D2C492D4602D70091A348D01 /* Frameworks */,
			);
			sourceTree = "<group>";
		};
		C2388D7821C23AD900B24BDD /* Products */ = {
			isa = PBXGroup;
			children = (
				C2388D7721C23AD900B24BDD /* SearchGithubRepository.app */,
				C2388D8B21C23ADF00B24BDD /* SearchGithubRepositoryTests.xctest */,
				C2388D9621C23AE000B24BDD /* SearchGithubRepositoryUITests.xctest */,
			);
			name = Products;
			sourceTree = "<group>";
		};
		C2388D7921C23AD900B24BDD /* SearchGithubRepository */ = {
			isa = PBXGroup;
			children = (
				C2388D7A21C23AD900B24BDD /* AppDelegate.swift */,
				C2388D7C21C23AD900B24BDD /* ViewController.swift */,
				C2388D7E21C23AD900B24BDD /* Main.storyboard */,
				C2388D8121C23ADF00B24BDD /* Assets.xcassets */,
				C2388D8321C23ADF00B24BDD /* LaunchScreen.storyboard */,
				C2388D8621C23ADF00B24BDD /* Info.plist */,
			);
			path = SearchGithubRepository;
			sourceTree = "<group>";
		};
		C2388D8E21C23AE000B24BDD /* SearchGithubRepositoryTests */ = {
			isa = PBXGroup;
			children = (
				C2388D8F21C23AE000B24BDD /* SearchGithubRepositoryTests.swift */,
				C2388D9121C23AE000B24BDD /* Info.plist */,
			);
			path = SearchGithubRepositoryTests;
			sourceTree = "<group>";
		};
		C2388D9921C23AE000B24BDD /* SearchGithubRepositoryUITests */ = {
			isa = PBXGroup;
			children = (
				C2388D9A21C23AE000B24BDD /* SearchGithubRepositoryUITests.swift */,
				C2388D9C21C23AE000B24BDD /* Info.plist */,
			);
			path = SearchGithubRepositoryUITests;
			sourceTree = "<group>";
		};
		D2C492D4602D70091A348D01 /* Frameworks */ = {
			isa = PBXGroup;
			children = (
				559F9CB473871921ECFDEE74 /* Pods_SearchGithubRepository.framework */,
				E8441872488F8BF3C16BB5B5 /* Pods_SearchGithubRepositoryTests.framework */,
				D44E9301BD6A9D29D3F00921 /* Pods_SearchGithubRepositoryUITests.framework */,
			);
			name = Frameworks;
			sourceTree = "<group>";
		};
/* End PBXGroup section */

/* Begin PBXNativeTarget section */
		C2388D7621C23AD900B24BDD /* SearchGithubRepository */ = {
			isa = PBXNativeTarget;
			buildConfigurationList = C2388D9F21C23AE000B24BDD /* Build configuration list for PBXNativeTarget "SearchGithubRepository" */;
			buildPhases = (
				6C2D695AB03949E6E3386F9D /* [CP] Check Pods Manifest.lock */,
				C2388D7321C23AD900B24BDD /* Sources */,
				C2388D7421C23AD900B24BDD /* Frameworks */,
				C2388D7521C23AD900B24BDD /* Resources */,
				4A88C0454472B670B888A3BC /* [CP] Embed Pods Frameworks */,
			);
			buildRules = (
			);
			dependencies = (
			);
			name = SearchGithubRepository;
			productName = SearchGithubRepository;
			productReference = C2388D7721C23AD900B24BDD /* SearchGithubRepository.app */;
			productType = "com.apple.product-type.application";
		};
		C2388D8A21C23ADF00B24BDD /* SearchGithubRepositoryTests */ = {
			isa = PBXNativeTarget;
			buildConfigurationList = C2388DA221C23AE000B24BDD /* Build configuration list for PBXNativeTarget "SearchGithubRepositoryTests" */;
			buildPhases = (
				E1EFA016549100EF5A806691 /* [CP] Check Pods Manifest.lock */,
				C2388D8721C23ADF00B24BDD /* Sources */,
				C2388D8821C23ADF00B24BDD /* Frameworks */,
				C2388D8921C23ADF00B24BDD /* Resources */,
			);
			buildRules = (
			);
			dependencies = (
				C2388D8D21C23ADF00B24BDD /* PBXTargetDependency */,
			);
			name = SearchGithubRepositoryTests;
			productName = SearchGithubRepositoryTests;
			productReference = C2388D8B21C23ADF00B24BDD /* SearchGithubRepositoryTests.xctest */;
			productType = "com.apple.product-type.bundle.unit-test";
		};
		C2388D9521C23AE000B24BDD /* SearchGithubRepositoryUITests */ = {
			isa = PBXNativeTarget;
			buildConfigurationList = C2388DA521C23AE000B24BDD /* Build configuration list for PBXNativeTarget "SearchGithubRepositoryUITests" */;
			buildPhases = (
				A5F89FE56BB826C1D83ADBC6 /* [CP] Check Pods Manifest.lock */,
				C2388D9221C23AE000B24BDD /* Sources */,
				C2388D9321C23AE000B24BDD /* Frameworks */,
				C2388D9421C23AE000B24BDD /* Resources */,
			);
			buildRules = (
			);
			dependencies = (
				C2388D9821C23AE000B24BDD /* PBXTargetDependency */,
			);
			name = SearchGithubRepositoryUITests;
			productName = SearchGithubRepositoryUITests;
			productReference = C2388D9621C23AE000B24BDD /* SearchGithubRepositoryUITests.xctest */;
			productType = "com.apple.product-type.bundle.ui-testing";
		};
/* End PBXNativeTarget section */

/* Begin PBXProject section */
		C2388D6F21C23AD900B24BDD /* Project object */ = {
			isa = PBXProject;
			attributes = {
				LastSwiftUpdateCheck = 1000;
				LastUpgradeCheck = 1000;
				ORGANIZATIONNAME = "田中 厳貴";
				TargetAttributes = {
					C2388D7621C23AD900B24BDD = {
						CreatedOnToolsVersion = 10.0;
					};
					C2388D8A21C23ADF00B24BDD = {
						CreatedOnToolsVersion = 10.0;
						TestTargetID = C2388D7621C23AD900B24BDD;
					};
					C2388D9521C23AE000B24BDD = {
						CreatedOnToolsVersion = 10.0;
						TestTargetID = C2388D7621C23AD900B24BDD;
					};
				};
			};
			buildConfigurationList = C2388D7221C23AD900B24BDD /* Build configuration list for PBXProject "SearchGithubRepository" */;
			compatibilityVersion = "Xcode 9.3";
			developmentRegion = en;
			hasScannedForEncodings = 0;
			knownRegions = (
				en,
				Base,
			);
			mainGroup = C2388D6E21C23AD900B24BDD;
			productRefGroup = C2388D7821C23AD900B24BDD /* Products */;
			projectDirPath = "";
			projectRoot = "";
			targets = (
				C2388D7621C23AD900B24BDD /* SearchGithubRepository */,
				C2388D8A21C23ADF00B24BDD /* SearchGithubRepositoryTests */,
				C2388D9521C23AE000B24BDD /* SearchGithubRepositoryUITests */,
			);
		};
/* End PBXProject section */

/* Begin PBXResourcesBuildPhase section */
		C2388D7521C23AD900B24BDD /* Resources */ = {
			isa = PBXResourcesBuildPhase;
			buildActionMask = 2147483647;
			files = (
				C2388D8521C23ADF00B24BDD /* LaunchScreen.storyboard in Resources */,
				C2388D8221C23ADF00B24BDD /* Assets.xcassets in Resources */,
				C2388D8021C23AD900B24BDD /* Main.storyboard in Resources */,
			);
			runOnlyForDeploymentPostprocessing = 0;
		};
		C2388D8921C23ADF00B24BDD /* Resources */ = {
			isa = PBXResourcesBuildPhase;
			buildActionMask = 2147483647;
			files = (
			);
			runOnlyForDeploymentPostprocessing = 0;
		};
		C2388D9421C23AE000B24BDD /* Resources */ = {
			isa = PBXResourcesBuildPhase;
			buildActionMask = 2147483647;
			files = (
			);
			runOnlyForDeploymentPostprocessing = 0;
		};
/* End PBXResourcesBuildPhase section */

/* Begin PBXShellScriptBuildPhase section */
		4A88C0454472B670B888A3BC /* [CP] Embed Pods Frameworks */ = {
			isa = PBXShellScriptBuildPhase;
			buildActionMask = 2147483647;
			files = (
			);
			inputPaths = (
				"${SRCROOT}/Pods/Target Support Files/Pods-SearchGithubRepository/Pods-SearchGithubRepository-frameworks.sh",
				"${BUILT_PRODUCTS_DIR}/RxCocoa/RxCocoa.framework",
				"${BUILT_PRODUCTS_DIR}/RxSwift/RxSwift.framework",
			);
			name = "[CP] Embed Pods Frameworks";
			outputPaths = (
				"${TARGET_BUILD_DIR}/${FRAMEWORKS_FOLDER_PATH}/RxCocoa.framework",
				"${TARGET_BUILD_DIR}/${FRAMEWORKS_FOLDER_PATH}/RxSwift.framework",
			);
			runOnlyForDeploymentPostprocessing = 0;
			shellPath = /bin/sh;
			shellScript = "\"${SRCROOT}/Pods/Target Support Files/Pods-SearchGithubRepository/Pods-SearchGithubRepository-frameworks.sh\"\n";
			showEnvVarsInLog = 0;
		};
		6C2D695AB03949E6E3386F9D /* [CP] Check Pods Manifest.lock */ = {
			isa = PBXShellScriptBuildPhase;
			buildActionMask = 2147483647;
			files = (
			);
			inputPaths = (
				"${PODS_PODFILE_DIR_PATH}/Podfile.lock",
				"${PODS_ROOT}/Manifest.lock",
			);
			name = "[CP] Check Pods Manifest.lock";
			outputPaths = (
				"$(DERIVED_FILE_DIR)/Pods-SearchGithubRepository-checkManifestLockResult.txt",
			);
			runOnlyForDeploymentPostprocessing = 0;
			shellPath = /bin/sh;
			shellScript = "diff \"${PODS_PODFILE_DIR_PATH}/Podfile.lock\" \"${PODS_ROOT}/Manifest.lock\" > /dev/null\nif [ $? != 0 ] ; then\n    # print error to STDERR\n    echo \"error: The sandbox is not in sync with the Podfile.lock. Run 'pod install' or update your CocoaPods installation.\" >&2\n    exit 1\nfi\n# This output is used by Xcode 'outputs' to avoid re-running this script phase.\necho \"SUCCESS\" > \"${SCRIPT_OUTPUT_FILE_0}\"\n";
			showEnvVarsInLog = 0;
		};
		A5F89FE56BB826C1D83ADBC6 /* [CP] Check Pods Manifest.lock */ = {
			isa = PBXShellScriptBuildPhase;
			buildActionMask = 2147483647;
			files = (
			);
			inputPaths = (
				"${PODS_PODFILE_DIR_PATH}/Podfile.lock",
				"${PODS_ROOT}/Manifest.lock",
			);
			name = "[CP] Check Pods Manifest.lock";
			outputPaths = (
				"$(DERIVED_FILE_DIR)/Pods-SearchGithubRepositoryUITests-checkManifestLockResult.txt",
			);
			runOnlyForDeploymentPostprocessing = 0;
			shellPath = /bin/sh;
			shellScript = "diff \"${PODS_PODFILE_DIR_PATH}/Podfile.lock\" \"${PODS_ROOT}/Manifest.lock\" > /dev/null\nif [ $? != 0 ] ; then\n    # print error to STDERR\n    echo \"error: The sandbox is not in sync with the Podfile.lock. Run 'pod install' or update your CocoaPods installation.\" >&2\n    exit 1\nfi\n# This output is used by Xcode 'outputs' to avoid re-running this script phase.\necho \"SUCCESS\" > \"${SCRIPT_OUTPUT_FILE_0}\"\n";
			showEnvVarsInLog = 0;
		};
		E1EFA016549100EF5A806691 /* [CP] Check Pods Manifest.lock */ = {
			isa = PBXShellScriptBuildPhase;
			buildActionMask = 2147483647;
			files = (
			);
			inputPaths = (
				"${PODS_PODFILE_DIR_PATH}/Podfile.lock",
				"${PODS_ROOT}/Manifest.lock",
			);
			name = "[CP] Check Pods Manifest.lock";
			outputPaths = (
				"$(DERIVED_FILE_DIR)/Pods-SearchGithubRepositoryTests-checkManifestLockResult.txt",
			);
			runOnlyForDeploymentPostprocessing = 0;
			shellPath = /bin/sh;
			shellScript = "diff \"${PODS_PODFILE_DIR_PATH}/Podfile.lock\" \"${PODS_ROOT}/Manifest.lock\" > /dev/null\nif [ $? != 0 ] ; then\n    # print error to STDERR\n    echo \"error: The sandbox is not in sync with the Podfile.lock. Run 'pod install' or update your CocoaPods installation.\" >&2\n    exit 1\nfi\n# This output is used by Xcode 'outputs' to avoid re-running this script phase.\necho \"SUCCESS\" > \"${SCRIPT_OUTPUT_FILE_0}\"\n";
			showEnvVarsInLog = 0;
		};
/* End PBXShellScriptBuildPhase section */

/* Begin PBXSourcesBuildPhase section */
		C2388D7321C23AD900B24BDD /* Sources */ = {
			isa = PBXSourcesBuildPhase;
			buildActionMask = 2147483647;
			files = (
				C2388D7D21C23AD900B24BDD /* ViewController.swift in Sources */,
				C2388D7B21C23AD900B24BDD /* AppDelegate.swift in Sources */,
			);
			runOnlyForDeploymentPostprocessing = 0;
		};
		C2388D8721C23ADF00B24BDD /* Sources */ = {
			isa = PBXSourcesBuildPhase;
			buildActionMask = 2147483647;
			files = (
				C2388D9021C23AE000B24BDD /* SearchGithubRepositoryTests.swift in Sources */,
			);
			runOnlyForDeploymentPostprocessing = 0;
		};
		C2388D9221C23AE000B24BDD /* Sources */ = {
			isa = PBXSourcesBuildPhase;
			buildActionMask = 2147483647;
			files = (
				C2388D9B21C23AE000B24BDD /* SearchGithubRepositoryUITests.swift in Sources */,
			);
			runOnlyForDeploymentPostprocessing = 0;
		};
/* End PBXSourcesBuildPhase section */

/* Begin PBXTargetDependency section */
		C2388D8D21C23ADF00B24BDD /* PBXTargetDependency */ = {
			isa = PBXTargetDependency;
			target = C2388D7621C23AD900B24BDD /* SearchGithubRepository */;
			targetProxy = C2388D8C21C23ADF00B24BDD /* PBXContainerItemProxy */;
		};
		C2388D9821C23AE000B24BDD /* PBXTargetDependency */ = {
			isa = PBXTargetDependency;
			target = C2388D7621C23AD900B24BDD /* SearchGithubRepository */;
			targetProxy = C2388D9721C23AE000B24BDD /* PBXContainerItemProxy */;
		};
/* End PBXTargetDependency section */

/* Begin PBXVariantGroup section */
		C2388D7E21C23AD900B24BDD /* Main.storyboard */ = {
			isa = PBXVariantGroup;
			children = (
				C2388D7F21C23AD900B24BDD /* Base */,
			);
			name = Main.storyboard;
			sourceTree = "<group>";
		};
		C2388D8321C23ADF00B24BDD /* LaunchScreen.storyboard */ = {
			isa = PBXVariantGroup;
			children = (
				C2388D8421C23ADF00B24BDD /* Base */,
			);
			name = LaunchScreen.storyboard;
			sourceTree = "<group>";
		};
/* End PBXVariantGroup section */

/* Begin XCBuildConfiguration section */
		C2388D9D21C23AE000B24BDD /* Debug */ = {
			isa = XCBuildConfiguration;
			buildSettings = {
				ALWAYS_SEARCH_USER_PATHS = NO;
				CLANG_ANALYZER_NONNULL = YES;
				CLANG_ANALYZER_NUMBER_OBJECT_CONVERSION = YES_AGGRESSIVE;
				CLANG_CXX_LANGUAGE_STANDARD = "gnu++14";
				CLANG_CXX_LIBRARY = "libc++";
				CLANG_ENABLE_MODULES = YES;
				CLANG_ENABLE_OBJC_ARC = YES;
				CLANG_ENABLE_OBJC_WEAK = YES;
				CLANG_WARN_BLOCK_CAPTURE_AUTORELEASING = YES;
				CLANG_WARN_BOOL_CONVERSION = YES;
				CLANG_WARN_COMMA = YES;
				CLANG_WARN_CONSTANT_CONVERSION = YES;
				CLANG_WARN_DEPRECATED_OBJC_IMPLEMENTATIONS = YES;
				CLANG_WARN_DIRECT_OBJC_ISA_USAGE = YES_ERROR;
				CLANG_WARN_DOCUMENTATION_COMMENTS = YES;
				CLANG_WARN_EMPTY_BODY = YES;
				CLANG_WARN_ENUM_CONVERSION = YES;
				CLANG_WARN_INFINITE_RECURSION = YES;
				CLANG_WARN_INT_CONVERSION = YES;
				CLANG_WARN_NON_LITERAL_NULL_CONVERSION = YES;
				CLANG_WARN_OBJC_IMPLICIT_RETAIN_SELF = YES;
				CLANG_WARN_OBJC_LITERAL_CONVERSION = YES;
				CLANG_WARN_OBJC_ROOT_CLASS = YES_ERROR;
				CLANG_WARN_RANGE_LOOP_ANALYSIS = YES;
				CLANG_WARN_STRICT_PROTOTYPES = YES;
				CLANG_WARN_SUSPICIOUS_MOVE = YES;
				CLANG_WARN_UNGUARDED_AVAILABILITY = YES_AGGRESSIVE;
				CLANG_WARN_UNREACHABLE_CODE = YES;
				CLANG_WARN__DUPLICATE_METHOD_MATCH = YES;
				CODE_SIGN_IDENTITY = "iPhone Developer";
				COPY_PHASE_STRIP = NO;
				DEBUG_INFORMATION_FORMAT = dwarf;
				ENABLE_STRICT_OBJC_MSGSEND = YES;
				ENABLE_TESTABILITY = YES;
				GCC_C_LANGUAGE_STANDARD = gnu11;
				GCC_DYNAMIC_NO_PIC = NO;
				GCC_NO_COMMON_BLOCKS = YES;
				GCC_OPTIMIZATION_LEVEL = 0;
				GCC_PREPROCESSOR_DEFINITIONS = (
					"DEBUG=1",
					"$(inherited)",
				);
				GCC_WARN_64_TO_32_BIT_CONVERSION = YES;
				GCC_WARN_ABOUT_RETURN_TYPE = YES_ERROR;
				GCC_WARN_UNDECLARED_SELECTOR = YES;
				GCC_WARN_UNINITIALIZED_AUTOS = YES_AGGRESSIVE;
				GCC_WARN_UNUSED_FUNCTION = YES;
				GCC_WARN_UNUSED_VARIABLE = YES;
				IPHONEOS_DEPLOYMENT_TARGET = 12.0;
				MTL_ENABLE_DEBUG_INFO = INCLUDE_SOURCE;
				MTL_FAST_MATH = YES;
				ONLY_ACTIVE_ARCH = YES;
				SDKROOT = iphoneos;
				SWIFT_ACTIVE_COMPILATION_CONDITIONS = DEBUG;
				SWIFT_OPTIMIZATION_LEVEL = "-Onone";
			};
			name = Debug;
		};
		C2388D9E21C23AE000B24BDD /* Release */ = {
			isa = XCBuildConfiguration;
			buildSettings = {
				ALWAYS_SEARCH_USER_PATHS = NO;
				CLANG_ANALYZER_NONNULL = YES;
				CLANG_ANALYZER_NUMBER_OBJECT_CONVERSION = YES_AGGRESSIVE;
				CLANG_CXX_LANGUAGE_STANDARD = "gnu++14";
				CLANG_CXX_LIBRARY = "libc++";
				CLANG_ENABLE_MODULES = YES;
				CLANG_ENABLE_OBJC_ARC = YES;
				CLANG_ENABLE_OBJC_WEAK = YES;
				CLANG_WARN_BLOCK_CAPTURE_AUTORELEASING = YES;
				CLANG_WARN_BOOL_CONVERSION = YES;
				CLANG_WARN_COMMA = YES;
				CLANG_WARN_CONSTANT_CONVERSION = YES;
				CLANG_WARN_DEPRECATED_OBJC_IMPLEMENTATIONS = YES;
				CLANG_WARN_DIRECT_OBJC_ISA_USAGE = YES_ERROR;
				CLANG_WARN_DOCUMENTATION_COMMENTS = YES;
				CLANG_WARN_EMPTY_BODY = YES;
				CLANG_WARN_ENUM_CONVERSION = YES;
				CLANG_WARN_INFINITE_RECURSION = YES;
				CLANG_WARN_INT_CONVERSION = YES;
				CLANG_WARN_NON_LITERAL_NULL_CONVERSION = YES;
				CLANG_WARN_OBJC_IMPLICIT_RETAIN_SELF = YES;
				CLANG_WARN_OBJC_LITERAL_CONVERSION = YES;
				CLANG_WARN_OBJC_ROOT_CLASS = YES_ERROR;
				CLANG_WARN_RANGE_LOOP_ANALYSIS = YES;
				CLANG_WARN_STRICT_PROTOTYPES = YES;
				CLANG_WARN_SUSPICIOUS_MOVE = YES;
				CLANG_WARN_UNGUARDED_AVAILABILITY = YES_AGGRESSIVE;
				CLANG_WARN_UNREACHABLE_CODE = YES;
				CLANG_WARN__DUPLICATE_METHOD_MATCH = YES;
				CODE_SIGN_IDENTITY = "iPhone Developer";
				COPY_PHASE_STRIP = NO;
				DEBUG_INFORMATION_FORMAT = "dwarf-with-dsym";
				ENABLE_NS_ASSERTIONS = NO;
				ENABLE_STRICT_OBJC_MSGSEND = YES;
				GCC_C_LANGUAGE_STANDARD = gnu11;
				GCC_NO_COMMON_BLOCKS = YES;
				GCC_WARN_64_TO_32_BIT_CONVERSION = YES;
				GCC_WARN_ABOUT_RETURN_TYPE = YES_ERROR;
				GCC_WARN_UNDECLARED_SELECTOR = YES;
				GCC_WARN_UNINITIALIZED_AUTOS = YES_AGGRESSIVE;
				GCC_WARN_UNUSED_FUNCTION = YES;
				GCC_WARN_UNUSED_VARIABLE = YES;
				IPHONEOS_DEPLOYMENT_TARGET = 12.0;
				MTL_ENABLE_DEBUG_INFO = NO;
				MTL_FAST_MATH = YES;
				SDKROOT = iphoneos;
				SWIFT_COMPILATION_MODE = wholemodule;
				SWIFT_OPTIMIZATION_LEVEL = "-O";
				VALIDATE_PRODUCT = YES;
			};
			name = Release;
		};
		C2388DA021C23AE000B24BDD /* Debug */ = {
			isa = XCBuildConfiguration;
			baseConfigurationReference = D399AA4885E58966D26E402D /* Pods-SearchGithubRepository.debug.xcconfig */;
			buildSettings = {
				ASSETCATALOG_COMPILER_APPICON_NAME = AppIcon;
				CODE_SIGN_STYLE = Automatic;
				DEVELOPMENT_TEAM = Z2M8H95Q7Z;
				INFOPLIST_FILE = SearchGithubRepository/Info.plist;
				LD_RUNPATH_SEARCH_PATHS = (
					"$(inherited)",
					"@executable_path/Frameworks",
				);
				PRODUCT_BUNDLE_IDENTIFIER = "tanaka-itsuki.SearchGithubRepository";
				PRODUCT_NAME = "$(TARGET_NAME)";
				SWIFT_VERSION = 4.2;
				TARGETED_DEVICE_FAMILY = "1,2";
			};
			name = Debug;
		};
		C2388DA121C23AE000B24BDD /* Release */ = {
			isa = XCBuildConfiguration;
			baseConfigurationReference = 1E66522A2A49083233598EB9 /* Pods-SearchGithubRepository.release.xcconfig */;
			buildSettings = {
				ASSETCATALOG_COMPILER_APPICON_NAME = AppIcon;
				CODE_SIGN_STYLE = Automatic;
				DEVELOPMENT_TEAM = Z2M8H95Q7Z;
				INFOPLIST_FILE = SearchGithubRepository/Info.plist;
				LD_RUNPATH_SEARCH_PATHS = (
					"$(inherited)",
					"@executable_path/Frameworks",
				);
				PRODUCT_BUNDLE_IDENTIFIER = "tanaka-itsuki.SearchGithubRepository";
				PRODUCT_NAME = "$(TARGET_NAME)";
				SWIFT_VERSION = 4.2;
				TARGETED_DEVICE_FAMILY = "1,2";
			};
			name = Release;
		};
		C2388DA321C23AE000B24BDD /* Debug */ = {
			isa = XCBuildConfiguration;
			baseConfigurationReference = 9FC908F3F5A85EFDD69E6DE2 /* Pods-SearchGithubRepositoryTests.debug.xcconfig */;
			buildSettings = {
				ALWAYS_EMBED_SWIFT_STANDARD_LIBRARIES = YES;
				BUNDLE_LOADER = "$(TEST_HOST)";
				CODE_SIGN_STYLE = Automatic;
				DEVELOPMENT_TEAM = Z2M8H95Q7Z;
				INFOPLIST_FILE = SearchGithubRepositoryTests/Info.plist;
				LD_RUNPATH_SEARCH_PATHS = (
					"$(inherited)",
					"@executable_path/Frameworks",
					"@loader_path/Frameworks",
				);
				PRODUCT_BUNDLE_IDENTIFIER = "tanaka-itsuki.SearchGithubRepositoryTests";
				PRODUCT_NAME = "$(TARGET_NAME)";
				SWIFT_VERSION = 4.2;
				TARGETED_DEVICE_FAMILY = "1,2";
				TEST_HOST = "$(BUILT_PRODUCTS_DIR)/SearchGithubRepository.app/SearchGithubRepository";
			};
			name = Debug;
		};
		C2388DA421C23AE000B24BDD /* Release */ = {
			isa = XCBuildConfiguration;
			baseConfigurationReference = 6B2437A13234FC0C70D4163F /* Pods-SearchGithubRepositoryTests.release.xcconfig */;
			buildSettings = {
				ALWAYS_EMBED_SWIFT_STANDARD_LIBRARIES = YES;
				BUNDLE_LOADER = "$(TEST_HOST)";
				CODE_SIGN_STYLE = Automatic;
				DEVELOPMENT_TEAM = Z2M8H95Q7Z;
				INFOPLIST_FILE = SearchGithubRepositoryTests/Info.plist;
				LD_RUNPATH_SEARCH_PATHS = (
					"$(inherited)",
					"@executable_path/Frameworks",
					"@loader_path/Frameworks",
				);
				PRODUCT_BUNDLE_IDENTIFIER = "tanaka-itsuki.SearchGithubRepositoryTests";
				PRODUCT_NAME = "$(TARGET_NAME)";
				SWIFT_VERSION = 4.2;
				TARGETED_DEVICE_FAMILY = "1,2";
				TEST_HOST = "$(BUILT_PRODUCTS_DIR)/SearchGithubRepository.app/SearchGithubRepository";
			};
			name = Release;
		};
		C2388DA621C23AE000B24BDD /* Debug */ = {
			isa = XCBuildConfiguration;
			baseConfigurationReference = 9BF5C20D3691AF0EA3E6FF85 /* Pods-SearchGithubRepositoryUITests.debug.xcconfig */;
			buildSettings = {
				ALWAYS_EMBED_SWIFT_STANDARD_LIBRARIES = YES;
				CODE_SIGN_STYLE = Automatic;
				DEVELOPMENT_TEAM = Z2M8H95Q7Z;
				INFOPLIST_FILE = SearchGithubRepositoryUITests/Info.plist;
				LD_RUNPATH_SEARCH_PATHS = (
					"$(inherited)",
					"@executable_path/Frameworks",
					"@loader_path/Frameworks",
				);
				PRODUCT_BUNDLE_IDENTIFIER = "tanaka-itsuki.SearchGithubRepositoryUITests";
				PRODUCT_NAME = "$(TARGET_NAME)";
				SWIFT_VERSION = 4.2;
				TARGETED_DEVICE_FAMILY = "1,2";
				TEST_TARGET_NAME = SearchGithubRepository;
			};
			name = Debug;
		};
		C2388DA721C23AE000B24BDD /* Release */ = {
			isa = XCBuildConfiguration;
			baseConfigurationReference = 68A65438F94E53D0FC94DF84 /* Pods-SearchGithubRepositoryUITests.release.xcconfig */;
			buildSettings = {
				ALWAYS_EMBED_SWIFT_STANDARD_LIBRARIES = YES;
				CODE_SIGN_STYLE = Automatic;
				DEVELOPMENT_TEAM = Z2M8H95Q7Z;
				INFOPLIST_FILE = SearchGithubRepositoryUITests/Info.plist;
				LD_RUNPATH_SEARCH_PATHS = (
					"$(inherited)",
					"@executable_path/Frameworks",
					"@loader_path/Frameworks",
				);
				PRODUCT_BUNDLE_IDENTIFIER = "tanaka-itsuki.SearchGithubRepositoryUITests";
				PRODUCT_NAME = "$(TARGET_NAME)";
				SWIFT_VERSION = 4.2;
				TARGETED_DEVICE_FAMILY = "1,2";
				TEST_TARGET_NAME = SearchGithubRepository;
			};
			name = Release;
		};
/* End XCBuildConfiguration section */

/* Begin XCConfigurationList section */
		C2388D7221C23AD900B24BDD /* Build configuration list for PBXProject "SearchGithubRepository" */ = {
			isa = XCConfigurationList;
			buildConfigurations = (
				C2388D9D21C23AE000B24BDD /* Debug */,
				C2388D9E21C23AE000B24BDD /* Release */,
			);
			defaultConfigurationIsVisible = 0;
			defaultConfigurationName = Release;
		};
		C2388D9F21C23AE000B24BDD /* Build configuration list for PBXNativeTarget "SearchGithubRepository" */ = {
			isa = XCConfigurationList;
			buildConfigurations = (
				C2388DA021C23AE000B24BDD /* Debug */,
				C2388DA121C23AE000B24BDD /* Release */,
			);
			defaultConfigurationIsVisible = 0;
			defaultConfigurationName = Release;
		};
		C2388DA221C23AE000B24BDD /* Build configuration list for PBXNativeTarget "SearchGithubRepositoryTests" */ = {
			isa = XCConfigurationList;
			buildConfigurations = (
				C2388DA321C23AE000B24BDD /* Debug */,
				C2388DA421C23AE000B24BDD /* Release */,
			);
			defaultConfigurationIsVisible = 0;
			defaultConfigurationName = Release;
		};
		C2388DA521C23AE000B24BDD /* Build configuration list for PBXNativeTarget "SearchGithubRepositoryUITests" */ = {
			isa = XCConfigurationList;
			buildConfigurations = (
				C2388DA621C23AE000B24BDD /* Debug */,
				C2388DA721C23AE000B24BDD /* Release */,
			);
			defaultConfigurationIsVisible = 0;
			defaultConfigurationName = Release;
		};
/* End XCConfigurationList section */
	};
	rootObject = C2388D6F21C23AD900B24BDD /* Project object */;
}
